
Microsoft Visual Studio Solution File, Format Version 12.00
# Visual Studio Version 17
VisualStudioVersion = 17.5.002.0
MinimumVisualStudioVersion = 10.0.40219.1
Project("{2150E333-8FDC-42A3-9474-1A3956D46DE8}") = "sandbox", "sandbox", "{AD52A477-63F4-4D3A-93C4-C1C9F0B47F82}"
EndProject
Project("{9A19103F-16F7-4668-BE54-9A1E7A4F7556}") = "sandbox_project", "sandbox\sandbox_project\sandbox_project.csproj", "{0932CED1-DC2C-43E4-869A-BD7759C96C1C}"
EndProject
Project("{2150E333-8FDC-42A3-9474-1A3956D46DE8}") = "week01", "week01", "{66AF56D9-2FC1-44BE-AD76-C18B6D43A72C}"
EndProject
Project("{9A19103F-16F7-4668-BE54-9A1E7A4F7556}") = "analyze", "week01\analyze\analyze.csproj", "{5BB33093-85A6-47BF-8BDB-85E0028B9A80}"
EndProject
Project("{9A19103F-16F7-4668-BE54-9A1E7A4F7556}") = "code", "week01\code\code.csproj", "{6D4E441A-9306-4EA5-87E4-A8744A565911}"
EndProject
Project("{9A19103F-16F7-4668-BE54-9A1E7A4F7556}") = "teach", "week01\teach\teach.csproj", "{76EE720C-A94A-4653-8536-FC79692B6A33}"
EndProject
Project("{2150E333-8FDC-42A3-9474-1A3956D46DE8}") = "week02", "week02", "{99E1B4FE-0463-4D2F-86A8-990A4EB24364}"
EndProject
Project("{9A19103F-16F7-4668-BE54-9A1E7A4F7556}") = "analyze", "week02\analyze\analyze.csproj", "{CEDB50EE-1671-44D1-BB0C-70C7B679EA9B}"
EndProject
Project("{9A19103F-16F7-4668-BE54-9A1E7A4F7556}") = "code", "week02\code\code.csproj", "{073B2EAC-A8E1-4E1D-9FBF-18DAC042805C}"
EndProject
Project("{9A19103F-16F7-4668-BE54-9A1E7A4F7556}") = "learn", "week02\learn\learn.csproj", "{5C95C8A5-7EC6-4E59-89C2-9C7FA1678C8D}"
EndProject
Project("{9A19103F-16F7-4668-BE54-9A1E7A4F7556}") = "teach", "week02\teach\teach.csproj", "{566BCCDA-8866-42F7-87B1-B6F8C5C8469F}"
EndProject
Project("{2150E333-8FDC-42A3-9474-1A3956D46DE8}") = "week03", "week03", "{F4FE4449-5034-42FA-A71E-F73937CD64B0}"
EndProject
Project("{9A19103F-16F7-4668-BE54-9A1E7A4F7556}") = "code", "week03\code\code.csproj", "{17EBC171-A550-4C3A-B0E6-11A6EC3B9429}"
EndProject
Project("{9A19103F-16F7-4668-BE54-9A1E7A4F7556}") = "learn", "week03\learn\learn.csproj", "{603C2ED2-7DD2-4596-83B1-BD80AD6F2D1E}"
EndProject
Project("{9A19103F-16F7-4668-BE54-9A1E7A4F7556}") = "teach", "week03\teach\teach.csproj", "{15F60D1A-B1B0-4916-B3DC-3A6026807392}"
EndProject
Project("{2150E333-8FDC-42A3-9474-1A3956D46DE8}") = "week04", "week04", "{3CCA2312-97C3-4EE0-8E2A-B8A8C1BC6923}"
EndProject
Project("{9A19103F-16F7-4668-BE54-9A1E7A4F7556}") = "code", "week04\code\code.csproj", "{0E4343EF-7D91-4419-8665-34FB41341098}"
EndProject
Project("{2150E333-8FDC-42A3-9474-1A3956D46DE8}") = "week05", "week05", "{B9B8F7C7-E255-41D5-B606-2ACBAC655BA2}"
EndProject
Project("{9A19103F-16F7-4668-BE54-9A1E7A4F7556}") = "code", "week05\code\code.csproj", "{A9A8B97A-4A56-443A-8845-96374303B4D9}"
EndProject
Project("{2150E333-8FDC-42A3-9474-1A3956D46DE8}") = "week06", "week06", "{96DB7910-E5C3-4EED-9F0D-90112DB87323}"
EndProject
Project("{9A19103F-16F7-4668-BE54-9A1E7A4F7556}") = "code", "week06\code\code.csproj", "{E7533190-45E9-4584-A626-3431A3D83051}"
EndProject
Global
	GlobalSection(SolutionConfigurationPlatforms) = preSolution
		Debug|Any CPU = Debug|Any CPU
		Release|Any CPU = Release|Any CPU
	EndGlobalSection
	GlobalSection(ProjectConfigurationPlatforms) = postSolution
		{0932CED1-DC2C-43E4-869A-BD7759C96C1C}.Debug|Any CPU.ActiveCfg = Debug|Any CPU
		{0932CED1-DC2C-43E4-869A-BD7759C96C1C}.Debug|Any CPU.Build.0 = Debug|Any CPU
		{0932CED1-DC2C-43E4-869A-BD7759C96C1C}.Release|Any CPU.ActiveCfg = Release|Any CPU
		{0932CED1-DC2C-43E4-869A-BD7759C96C1C}.Release|Any CPU.Build.0 = Release|Any CPU
		{5BB33093-85A6-47BF-8BDB-85E0028B9A80}.Debug|Any CPU.ActiveCfg = Debug|Any CPU
		{5BB33093-85A6-47BF-8BDB-85E0028B9A80}.Debug|Any CPU.Build.0 = Debug|Any CPU
		{5BB33093-85A6-47BF-8BDB-85E0028B9A80}.Release|Any CPU.ActiveCfg = Release|Any CPU
		{5BB33093-85A6-47BF-8BDB-85E0028B9A80}.Release|Any CPU.Build.0 = Release|Any CPU
		{6D4E441A-9306-4EA5-87E4-A8744A565911}.Debug|Any CPU.ActiveCfg = Debug|Any CPU
		{6D4E441A-9306-4EA5-87E4-A8744A565911}.Debug|Any CPU.Build.0 = Debug|Any CPU
		{6D4E441A-9306-4EA5-87E4-A8744A565911}.Release|Any CPU.ActiveCfg = Release|Any CPU
		{6D4E441A-9306-4EA5-87E4-A8744A565911}.Release|Any CPU.Build.0 = Release|Any CPU
		{76EE720C-A94A-4653-8536-FC79692B6A33}.Debug|Any CPU.ActiveCfg = Debug|Any CPU
		{76EE720C-A94A-4653-8536-FC79692B6A33}.Debug|Any CPU.Build.0 = Debug|Any CPU
		{76EE720C-A94A-4653-8536-FC79692B6A33}.Release|Any CPU.ActiveCfg = Release|Any CPU
		{76EE720C-A94A-4653-8536-FC79692B6A33}.Release|Any CPU.Build.0 = Release|Any CPU
		{CEDB50EE-1671-44D1-BB0C-70C7B679EA9B}.Debug|Any CPU.ActiveCfg = Debug|Any CPU
		{CEDB50EE-1671-44D1-BB0C-70C7B679EA9B}.Debug|Any CPU.Build.0 = Debug|Any CPU
		{CEDB50EE-1671-44D1-BB0C-70C7B679EA9B}.Release|Any CPU.ActiveCfg = Release|Any CPU
		{CEDB50EE-1671-44D1-BB0C-70C7B679EA9B}.Release|Any CPU.Build.0 = Release|Any CPU
		{073B2EAC-A8E1-4E1D-9FBF-18DAC042805C}.Debug|Any CPU.ActiveCfg = Debug|Any CPU
		{073B2EAC-A8E1-4E1D-9FBF-18DAC042805C}.Debug|Any CPU.Build.0 = Debug|Any CPU
		{073B2EAC-A8E1-4E1D-9FBF-18DAC042805C}.Release|Any CPU.ActiveCfg = Release|Any CPU
		{073B2EAC-A8E1-4E1D-9FBF-18DAC042805C}.Release|Any CPU.Build.0 = Release|Any CPU
		{5C95C8A5-7EC6-4E59-89C2-9C7FA1678C8D}.Debug|Any CPU.ActiveCfg = Debug|Any CPU
		{5C95C8A5-7EC6-4E59-89C2-9C7FA1678C8D}.Debug|Any CPU.Build.0 = Debug|Any CPU
		{5C95C8A5-7EC6-4E59-89C2-9C7FA1678C8D}.Release|Any CPU.ActiveCfg = Release|Any CPU
		{5C95C8A5-7EC6-4E59-89C2-9C7FA1678C8D}.Release|Any CPU.Build.0 = Release|Any CPU
		{566BCCDA-8866-42F7-87B1-B6F8C5C8469F}.Debug|Any CPU.ActiveCfg = Debug|Any CPU
		{566BCCDA-8866-42F7-87B1-B6F8C5C8469F}.Debug|Any CPU.Build.0 = Debug|Any CPU
		{566BCCDA-8866-42F7-87B1-B6F8C5C8469F}.Release|Any CPU.ActiveCfg = Release|Any CPU
		{566BCCDA-8866-42F7-87B1-B6F8C5C8469F}.Release|Any CPU.Build.0 = Release|Any CPU
		{17EBC171-A550-4C3A-B0E6-11A6EC3B9429}.Debug|Any CPU.ActiveCfg = Debug|Any CPU
		{17EBC171-A550-4C3A-B0E6-11A6EC3B9429}.Debug|Any CPU.Build.0 = Debug|Any CPU
		{17EBC171-A550-4C3A-B0E6-11A6EC3B9429}.Release|Any CPU.ActiveCfg = Release|Any CPU
		{17EBC171-A550-4C3A-B0E6-11A6EC3B9429}.Release|Any CPU.Build.0 = Release|Any CPU
		{603C2ED2-7DD2-4596-83B1-BD80AD6F2D1E}.Debug|Any CPU.ActiveCfg = Debug|Any CPU
		{603C2ED2-7DD2-4596-83B1-BD80AD6F2D1E}.Debug|Any CPU.Build.0 = Debug|Any CPU
		{603C2ED2-7DD2-4596-83B1-BD80AD6F2D1E}.Release|Any CPU.ActiveCfg = Release|Any CPU
		{603C2ED2-7DD2-4596-83B1-BD80AD6F2D1E}.Release|Any CPU.Build.0 = Release|Any CPU
		{15F60D1A-B1B0-4916-B3DC-3A6026807392}.Debug|Any CPU.ActiveCfg = Debug|Any CPU
		{15F60D1A-B1B0-4916-B3DC-3A6026807392}.Debug|Any CPU.Build.0 = Debug|Any CPU
		{15F60D1A-B1B0-4916-B3DC-3A6026807392}.Release|Any CPU.ActiveCfg = Release|Any CPU
		{15F60D1A-B1B0-4916-B3DC-3A6026807392}.Release|Any CPU.Build.0 = Release|Any CPU
		{0E4343EF-7D91-4419-8665-34FB41341098}.Debug|Any CPU.ActiveCfg = Debug|Any CPU
		{0E4343EF-7D91-4419-8665-34FB41341098}.Debug|Any CPU.Build.0 = Debug|Any CPU
		{0E4343EF-7D91-4419-8665-34FB41341098}.Release|Any CPU.ActiveCfg = Release|Any CPU
		{0E4343EF-7D91-4419-8665-34FB41341098}.Release|Any CPU.Build.0 = Release|Any CPU
		{A9A8B97A-4A56-443A-8845-96374303B4D9}.Debug|Any CPU.ActiveCfg = Debug|Any CPU
		{A9A8B97A-4A56-443A-8845-96374303B4D9}.Debug|Any CPU.Build.0 = Debug|Any CPU
		{A9A8B97A-4A56-443A-8845-96374303B4D9}.Release|Any CPU.ActiveCfg = Release|Any CPU
		{A9A8B97A-4A56-443A-8845-96374303B4D9}.Release|Any CPU.Build.0 = Release|Any CPU
		{E7533190-45E9-4584-A626-3431A3D83051}.Debug|Any CPU.ActiveCfg = Debug|Any CPU
		{E7533190-45E9-4584-A626-3431A3D83051}.Debug|Any CPU.Build.0 = Debug|Any CPU
		{E7533190-45E9-4584-A626-3431A3D83051}.Release|Any CPU.ActiveCfg = Release|Any CPU
		{E7533190-45E9-4584-A626-3431A3D83051}.Release|Any CPU.Build.0 = Release|Any CPU
	EndGlobalSection
	GlobalSection(SolutionProperties) = preSolution
		HideSolutionNode = FALSE
	EndGlobalSection
	GlobalSection(NestedProjects) = preSolution
		{0932CED1-DC2C-43E4-869A-BD7759C96C1C} = {AD52A477-63F4-4D3A-93C4-C1C9F0B47F82}
		{5BB33093-85A6-47BF-8BDB-85E0028B9A80} = {66AF56D9-2FC1-44BE-AD76-C18B6D43A72C}
		{6D4E441A-9306-4EA5-87E4-A8744A565911} = {66AF56D9-2FC1-44BE-AD76-C18B6D43A72C}
		{76EE720C-A94A-4653-8536-FC79692B6A33} = {66AF56D9-2FC1-44BE-AD76-C18B6D43A72C}
		{CEDB50EE-1671-44D1-BB0C-70C7B679EA9B} = {99E1B4FE-0463-4D2F-86A8-990A4EB24364}
		{073B2EAC-A8E1-4E1D-9FBF-18DAC042805C} = {99E1B4FE-0463-4D2F-86A8-990A4EB24364}
		{5C95C8A5-7EC6-4E59-89C2-9C7FA1678C8D} = {99E1B4FE-0463-4D2F-86A8-990A4EB24364}
		{566BCCDA-8866-42F7-87B1-B6F8C5C8469F} = {99E1B4FE-0463-4D2F-86A8-990A4EB24364}
		{17EBC171-A550-4C3A-B0E6-11A6EC3B9429} = {F4FE4449-5034-42FA-A71E-F73937CD64B0}
		{603C2ED2-7DD2-4596-83B1-BD80AD6F2D1E} = {F4FE4449-5034-42FA-A71E-F73937CD64B0}
		{15F60D1A-B1B0-4916-B3DC-3A6026807392} = {F4FE4449-5034-42FA-A71E-F73937CD64B0}
		{0E4343EF-7D91-4419-8665-34FB41341098} = {3CCA2312-97C3-4EE0-8E2A-B8A8C1BC6923}
		{A9A8B97A-4A56-443A-8845-96374303B4D9} = {B9B8F7C7-E255-41D5-B606-2ACBAC655BA2}
		{E7533190-45E9-4584-A626-3431A3D83051} = {96DB7910-E5C3-4EED-9F0D-90112DB87323}
	EndGlobalSection
	GlobalSection(ExtensibilityGlobals) = postSolution
		SolutionGuid = {8A28F20A-52B7-4794-986C-A63E1830D93F}
	EndGlobalSection
EndGlobal
